// !$*UTF8*$!
{
	archiveVersion = 1;
	classes = {
	};
	objectVersion = 56;
	objects = {

/* Begin PBXBuildFile section */
		D9AD129D2A4E7D32003B4760 /* AppDelegate.swift in Sources */ = {isa = PBXBuildFile; fileRef = D9AD129C2A4E7D32003B4760 /* AppDelegate.swift */; };
		D9AD129F2A4E7D32003B4760 /* SceneDelegate.swift in Sources */ = {isa = PBXBuildFile; fileRef = D9AD129E2A4E7D32003B4760 /* SceneDelegate.swift */; };
		D9AD12A12A4E7D32003B4760 /* ViewController.swift in Sources */ = {isa = PBXBuildFile; fileRef = D9AD12A02A4E7D32003B4760 /* ViewController.swift */; };
		D9AD12A42A4E7D32003B4760 /* Main.storyboard in Resources */ = {isa = PBXBuildFile; fileRef = D9AD12A22A4E7D32003B4760 /* Main.storyboard */; };
		D9AD12A62A4E7D35003B4760 /* Assets.xcassets in Resources */ = {isa = PBXBuildFile; fileRef = D9AD12A52A4E7D35003B4760 /* Assets.xcassets */; };
		D9AD12A92A4E7D35003B4760 /* LaunchScreen.storyboard in Resources */ = {isa = PBXBuildFile; fileRef = D9AD12A72A4E7D35003B4760 /* LaunchScreen.storyboard */; };
		D9AD12B42A4E7D35003B4760 /* GimmeADrinkTests.swift in Sources */ = {isa = PBXBuildFile; fileRef = D9AD12B32A4E7D35003B4760 /* GimmeADrinkTests.swift */; };
		D9AD12BE2A4E7D35003B4760 /* GimmeADrinkUITests.swift in Sources */ = {isa = PBXBuildFile; fileRef = D9AD12BD2A4E7D35003B4760 /* GimmeADrinkUITests.swift */; };
		D9AD12C02A4E7D35003B4760 /* GimmeADrinkUITestsLaunchTests.swift in Sources */ = {isa = PBXBuildFile; fileRef = D9AD12BF2A4E7D35003B4760 /* GimmeADrinkUITestsLaunchTests.swift */; };
		D9AD12CD2A4E8F96003B4760 /* ViewController2.swift in Sources */ = {isa = PBXBuildFile; fileRef = D9AD12CC2A4E8F96003B4760 /* ViewController2.swift */; };
/* End PBXBuildFile section */

/* Begin PBXContainerItemProxy section */
		D9AD12B02A4E7D35003B4760 /* PBXContainerItemProxy */ = {
			isa = PBXContainerItemProxy;
			containerPortal = D9AD12912A4E7D32003B4760 /* Project object */;
			proxyType = 1;
			remoteGlobalIDString = D9AD12982A4E7D32003B4760;
			remoteInfo = GimmeADrink;
		};
		D9AD12BA2A4E7D35003B4760 /* PBXContainerItemProxy */ = {
			isa = PBXContainerItemProxy;
			containerPortal = D9AD12912A4E7D32003B4760 /* Project object */;
			proxyType = 1;
			remoteGlobalIDString = D9AD12982A4E7D32003B4760;
			remoteInfo = GimmeADrink;
		};
/* End PBXContainerItemProxy section */

/* Begin PBXFileReference section */
		D9AD12992A4E7D32003B4760 /* GimmeADrink.app */ = {isa = PBXFileReference; explicitFileType = wrapper.application; includeInIndex = 0; path = GimmeADrink.app; sourceTree = BUILT_PRODUCTS_DIR; };
		D9AD129C2A4E7D32003B4760 /* AppDelegate.swift */ = {isa = PBXFileReference; lastKnownFileType = sourcecode.swift; path = AppDelegate.swift; sourceTree = "<group>"; };
		D9AD129E2A4E7D32003B4760 /* SceneDelegate.swift */ = {isa = PBXFileReference; lastKnownFileType = sourcecode.swift; path = SceneDelegate.swift; sourceTree = "<group>"; };
		D9AD12A02A4E7D32003B4760 /* ViewController.swift */ = {isa = PBXFileReference; lastKnownFileType = sourcecode.swift; path = ViewController.swift; sourceTree = "<group>"; };
		D9AD12A32A4E7D32003B4760 /* Base */ = {isa = PBXFileReference; lastKnownFileType = file.storyboard; name = Base; path = Base.lproj/Main.storyboard; sourceTree = "<group>"; };
		D9AD12A52A4E7D35003B4760 /* Assets.xcassets */ = {isa = PBXFileReference; lastKnownFileType = folder.assetcatalog; path = Assets.xcassets; sourceTree = "<group>"; };
		D9AD12A82A4E7D35003B4760 /* Base */ = {isa = PBXFileReference; lastKnownFileType = file.storyboard; name = Base; path = Base.lproj/LaunchScreen.storyboard; sourceTree = "<group>"; };
		D9AD12AA2A4E7D35003B4760 /* Info.plist */ = {isa = PBXFileReference; lastKnownFileType = text.plist.xml; path = Info.plist; sourceTree = "<group>"; };
		D9AD12AF2A4E7D35003B4760 /* GimmeADrinkTests.xctest */ = {isa = PBXFileReference; explicitFileType = wrapper.cfbundle; includeInIndex = 0; path = GimmeADrinkTests.xctest; sourceTree = BUILT_PRODUCTS_DIR; };
		D9AD12B32A4E7D35003B4760 /* GimmeADrinkTests.swift */ = {isa = PBXFileReference; lastKnownFileType = sourcecode.swift; path = GimmeADrinkTests.swift; sourceTree = "<group>"; };
		D9AD12B92A4E7D35003B4760 /* GimmeADrinkUITests.xctest */ = {isa = PBXFileReference; explicitFileType = wrapper.cfbundle; includeInIndex = 0; path = GimmeADrinkUITests.xctest; sourceTree = BUILT_PRODUCTS_DIR; };
		D9AD12BD2A4E7D35003B4760 /* GimmeADrinkUITests.swift */ = {isa = PBXFileReference; lastKnownFileType = sourcecode.swift; path = GimmeADrinkUITests.swift; sourceTree = "<group>"; };
		D9AD12BF2A4E7D35003B4760 /* GimmeADrinkUITestsLaunchTests.swift */ = {isa = PBXFileReference; lastKnownFileType = sourcecode.swift; path = GimmeADrinkUITestsLaunchTests.swift; sourceTree = "<group>"; };
		D9AD12CC2A4E8F96003B4760 /* ViewController2.swift */ = {isa = PBXFileReference; lastKnownFileType = sourcecode.swift; path = ViewController2.swift; sourceTree = "<group>"; };
/* End PBXFileReference section */

/* Begin PBXFrameworksBuildPhase section */
		D9AD12962A4E7D32003B4760 /* Frameworks */ = {
			isa = PBXFrameworksBuildPhase;
			buildActionMask = 2147483647;
			files = (
			);
			runOnlyForDeploymentPostprocessing = 0;
		};
		D9AD12AC2A4E7D35003B4760 /* Frameworks */ = {
			isa = PBXFrameworksBuildPhase;
			buildActionMask = 2147483647;
			files = (
			);
			runOnlyForDeploymentPostprocessing = 0;
		};
		D9AD12B62A4E7D35003B4760 /* Frameworks */ = {
			isa = PBXFrameworksBuildPhase;
			buildActionMask = 2147483647;
			files = (
			);
			runOnlyForDeploymentPostprocessing = 0;
		};
/* End PBXFrameworksBuildPhase section */

/* Begin PBXGroup section */
		D9AD12902A4E7D32003B4760 = {
			isa = PBXGroup;
			children = (
				D9AD129B2A4E7D32003B4760 /* GimmeADrink */,
				D9AD12B22A4E7D35003B4760 /* GimmeADrinkTests */,
				D9AD12BC2A4E7D35003B4760 /* GimmeADrinkUITests */,
				D9AD129A2A4E7D32003B4760 /* Products */,
			);
			sourceTree = "<group>";
		};
		D9AD129A2A4E7D32003B4760 /* Products */ = {
			isa = PBXGroup;
			children = (
				D9AD12992A4E7D32003B4760 /* GimmeADrink.app */,
				D9AD12AF2A4E7D35003B4760 /* GimmeADrinkTests.xctest */,
				D9AD12B92A4E7D35003B4760 /* GimmeADrinkUITests.xctest */,
			);
			name = Products;
			sourceTree = "<group>";
		};
		D9AD129B2A4E7D32003B4760 /* GimmeADrink */ = {
			isa = PBXGroup;
			children = (
				D9AD129C2A4E7D32003B4760 /* AppDelegate.swift */,
				D9AD129E2A4E7D32003B4760 /* SceneDelegate.swift */,
				D9AD12A02A4E7D32003B4760 /* ViewController.swift */,
				D9AD12CC2A4E8F96003B4760 /* ViewController2.swift */,
				D9AD12A22A4E7D32003B4760 /* Main.storyboard */,
				D9AD12A52A4E7D35003B4760 /* Assets.xcassets */,
				D9AD12A72A4E7D35003B4760 /* LaunchScreen.storyboard */,
				D9AD12AA2A4E7D35003B4760 /* Info.plist */,
			);
			path = GimmeADrink;
			sourceTree = "<group>";
		};
		D9AD12B22A4E7D35003B4760 /* GimmeADrinkTests */ = {
			isa = PBXGroup;
			children = (
				D9AD12B32A4E7D35003B4760 /* GimmeADrinkTests.swift */,
			);
			path = GimmeADrinkTests;
			sourceTree = "<group>";
		};
		D9AD12BC2A4E7D35003B4760 /* GimmeADrinkUITests */ = {
			isa = PBXGroup;
			children = (
				D9AD12BD2A4E7D35003B4760 /* GimmeADrinkUITests.swift */,
				D9AD12BF2A4E7D35003B4760 /* GimmeADrinkUITestsLaunchTests.swift */,
			);
			path = GimmeADrinkUITests;
			sourceTree = "<group>";
		};
/* End PBXGroup section */

/* Begin PBXNativeTarget section */
		D9AD12982A4E7D32003B4760 /* GimmeADrink */ = {
			isa = PBXNativeTarget;
			buildConfigurationList = D9AD12C32A4E7D35003B4760 /* Build configuration list for PBXNativeTarget "GimmeADrink" */;
			buildPhases = (
				D9AD12952A4E7D32003B4760 /* Sources */,
				D9AD12962A4E7D32003B4760 /* Frameworks */,
				D9AD12972A4E7D32003B4760 /* Resources */,
			);
			buildRules = (
			);
			dependencies = (
			);
			name = GimmeADrink;
			productName = GimmeADrink;
			productReference = D9AD12992A4E7D32003B4760 /* GimmeADrink.app */;
			productType = "com.apple.product-type.application";
		};
		D9AD12AE2A4E7D35003B4760 /* GimmeADrinkTests */ = {
			isa = PBXNativeTarget;
			buildConfigurationList = D9AD12C62A4E7D35003B4760 /* Build configuration list for PBXNativeTarget "GimmeADrinkTests" */;
			buildPhases = (
				D9AD12AB2A4E7D35003B4760 /* Sources */,
				D9AD12AC2A4E7D35003B4760 /* Frameworks */,
				D9AD12AD2A4E7D35003B4760 /* Resources */,
			);
			buildRules = (
			);
			dependencies = (
				D9AD12B12A4E7D35003B4760 /* PBXTargetDependency */,
			);
			name = GimmeADrinkTests;
			productName = GimmeADrinkTests;
			productReference = D9AD12AF2A4E7D35003B4760 /* GimmeADrinkTests.xctest */;
			productType = "com.apple.product-type.bundle.unit-test";
		};
		D9AD12B82A4E7D35003B4760 /* GimmeADrinkUITests */ = {
			isa = PBXNativeTarget;
			buildConfigurationList = D9AD12C92A4E7D35003B4760 /* Build configuration list for PBXNativeTarget "GimmeADrinkUITests" */;
			buildPhases = (
				D9AD12B52A4E7D35003B4760 /* Sources */,
				D9AD12B62A4E7D35003B4760 /* Frameworks */,
				D9AD12B72A4E7D35003B4760 /* Resources */,
			);
			buildRules = (
			);
			dependencies = (
				D9AD12BB2A4E7D35003B4760 /* PBXTargetDependency */,
			);
			name = GimmeADrinkUITests;
			productName = GimmeADrinkUITests;
			productReference = D9AD12B92A4E7D35003B4760 /* GimmeADrinkUITests.xctest */;
			productType = "com.apple.product-type.bundle.ui-testing";
		};
/* End PBXNativeTarget section */

/* Begin PBXProject section */
		D9AD12912A4E7D32003B4760 /* Project object */ = {
			isa = PBXProject;
			attributes = {
				BuildIndependentTargetsInParallel = 1;
				LastSwiftUpdateCheck = 1430;
				LastUpgradeCheck = 1430;
				TargetAttributes = {
					D9AD12982A4E7D32003B4760 = {
						CreatedOnToolsVersion = 14.3;
					};
					D9AD12AE2A4E7D35003B4760 = {
						CreatedOnToolsVersion = 14.3;
						TestTargetID = D9AD12982A4E7D32003B4760;
					};
					D9AD12B82A4E7D35003B4760 = {
						CreatedOnToolsVersion = 14.3;
						TestTargetID = D9AD12982A4E7D32003B4760;
					};
				};
			};
			buildConfigurationList = D9AD12942A4E7D32003B4760 /* Build configuration list for PBXProject "GimmeADrink" */;
			compatibilityVersion = "Xcode 14.0";
			developmentRegion = en;
			hasScannedForEncodings = 0;
			knownRegions = (
				en,
				Base,
			);
			mainGroup = D9AD12902A4E7D32003B4760;
			productRefGroup = D9AD129A2A4E7D32003B4760 /* Products */;
			projectDirPath = "";
			projectRoot = "";
			targets = (
				D9AD12982A4E7D32003B4760 /* GimmeADrink */,
				D9AD12AE2A4E7D35003B4760 /* GimmeADrinkTests */,
				D9AD12B82A4E7D35003B4760 /* GimmeADrinkUITests */,
			);
		};
/* End PBXProject section */

/* Begin PBXResourcesBuildPhase section */
		D9AD12972A4E7D32003B4760 /* Resources */ = {
			isa = PBXResourcesBuildPhase;
			buildActionMask = 2147483647;
			files = (
				D9AD12A92A4E7D35003B4760 /* LaunchScreen.storyboard in Resources */,
				D9AD12A62A4E7D35003B4760 /* Assets.xcassets in Resources */,
				D9AD12A42A4E7D32003B4760 /* Main.storyboard in Resources */,
			);
			runOnlyForDeploymentPostprocessing = 0;
		};
		D9AD12AD2A4E7D35003B4760 /* Resources */ = {
			isa = PBXResourcesBuildPhase;
			buildActionMask = 2147483647;
			files = (
			);
			runOnlyForDeploymentPostprocessing = 0;
		};
		D9AD12B72A4E7D35003B4760 /* Resources */ = {
			isa = PBXResourcesBuildPhase;
			buildActionMask = 2147483647;
			files = (
			);
			runOnlyForDeploymentPostprocessing = 0;
		};
/* End PBXResourcesBuildPhase section */

/* Begin PBXSourcesBuildPhase section */
		D9AD12952A4E7D32003B4760 /* Sources */ = {
			isa = PBXSourcesBuildPhase;
			buildActionMask = 2147483647;
			files = (
				D9AD12A12A4E7D32003B4760 /* ViewController.swift in Sources */,
				D9AD12CD2A4E8F96003B4760 /* ViewController2.swift in Sources */,
				D9AD129D2A4E7D32003B4760 /* AppDelegate.swift in Sources */,
				D9AD129F2A4E7D32003B4760 /* SceneDelegate.swift in Sources */,
			);
			runOnlyForDeploymentPostprocessing = 0;
		};
		D9AD12AB2A4E7D35003B4760 /* Sources */ = {
			isa = PBXSourcesBuildPhase;
			buildActionMask = 2147483647;
			files = (
				D9AD12B42A4E7D35003B4760 /* GimmeADrinkTests.swift in Sources */,
			);
			runOnlyForDeploymentPostprocessing = 0;
		};
		D9AD12B52A4E7D35003B4760 /* Sources */ = {
			isa = PBXSourcesBuildPhase;
			buildActionMask = 2147483647;
			files = (
				D9AD12BE2A4E7D35003B4760 /* GimmeADrinkUITests.swift in Sources */,
				D9AD12C02A4E7D35003B4760 /* GimmeADrinkUITestsLaunchTests.swift in Sources */,
			);
			runOnlyForDeploymentPostprocessing = 0;
		};
/* End PBXSourcesBuildPhase section */

/* Begin PBXTargetDependency section */
		D9AD12B12A4E7D35003B4760 /* PBXTargetDependency */ = {
			isa = PBXTargetDependency;
			target = D9AD12982A4E7D32003B4760 /* GimmeADrink */;
			targetProxy = D9AD12B02A4E7D35003B4760 /* PBXContainerItemProxy */;
		};
		D9AD12BB2A4E7D35003B4760 /* PBXTargetDependency */ = {
			isa = PBXTargetDependency;
			target = D9AD12982A4E7D32003B4760 /* GimmeADrink */;
			targetProxy = D9AD12BA2A4E7D35003B4760 /* PBXContainerItemProxy */;
		};
/* End PBXTargetDependency section */

/* Begin PBXVariantGroup section */
		D9AD12A22A4E7D32003B4760 /* Main.storyboard */ = {
			isa = PBXVariantGroup;
			children = (
				D9AD12A32A4E7D32003B4760 /* Base */,
			);
			name = Main.storyboard;
			sourceTree = "<group>";
		};
		D9AD12A72A4E7D35003B4760 /* LaunchScreen.storyboard */ = {
			isa = PBXVariantGroup;
			children = (
				D9AD12A82A4E7D35003B4760 /* Base */,
			);
			name = LaunchScreen.storyboard;
			sourceTree = "<group>";
		};
/* End PBXVariantGroup section */

/* Begin XCBuildConfiguration section */
		D9AD12C12A4E7D35003B4760 /* Debug */ = {
			isa = XCBuildConfiguration;
			buildSettings = {
				ALWAYS_SEARCH_USER_PATHS = NO;
				CLANG_ANALYZER_NONNULL = YES;
				CLANG_ANALYZER_NUMBER_OBJECT_CONVERSION = YES_AGGRESSIVE;
				CLANG_CXX_LANGUAGE_STANDARD = "gnu++20";
				CLANG_ENABLE_MODULES = YES;
				CLANG_ENABLE_OBJC_ARC = YES;
				CLANG_ENABLE_OBJC_WEAK = YES;
				CLANG_WARN_BLOCK_CAPTURE_AUTORELEASING = YES;
				CLANG_WARN_BOOL_CONVERSION = YES;
				CLANG_WARN_COMMA = YES;
				CLANG_WARN_CONSTANT_CONVERSION = YES;
				CLANG_WARN_DEPRECATED_OBJC_IMPLEMENTATIONS = YES;
				CLANG_WARN_DIRECT_OBJC_ISA_USAGE = YES_ERROR;
				CLANG_WARN_DOCUMENTATION_COMMENTS = YES;
				CLANG_WARN_EMPTY_BODY = YES;
				CLANG_WARN_ENUM_CONVERSION = YES;
				CLANG_WARN_INFINITE_RECURSION = YES;
				CLANG_WARN_INT_CONVERSION = YES;
				CLANG_WARN_NON_LITERAL_NULL_CONVERSION = YES;
				CLANG_WARN_OBJC_IMPLICIT_RETAIN_SELF = YES;
				CLANG_WARN_OBJC_LITERAL_CONVERSION = YES;
				CLANG_WARN_OBJC_ROOT_CLASS = YES_ERROR;
				CLANG_WARN_QUOTED_INCLUDE_IN_FRAMEWORK_HEADER = YES;
				CLANG_WARN_RANGE_LOOP_ANALYSIS = YES;
				CLANG_WARN_STRICT_PROTOTYPES = YES;
				CLANG_WARN_SUSPICIOUS_MOVE = YES;
				CLANG_WARN_UNGUARDED_AVAILABILITY = YES_AGGRESSIVE;
				CLANG_WARN_UNREACHABLE_CODE = YES;
				CLANG_WARN__DUPLICATE_METHOD_MATCH = YES;
				COPY_PHASE_STRIP = NO;
				DEBUG_INFORMATION_FORMAT = dwarf;
				ENABLE_STRICT_OBJC_MSGSEND = YES;
				ENABLE_TESTABILITY = YES;
				GCC_C_LANGUAGE_STANDARD = gnu11;
				GCC_DYNAMIC_NO_PIC = NO;
				GCC_NO_COMMON_BLOCKS = YES;
				GCC_OPTIMIZATION_LEVEL = 0;
				GCC_PREPROCESSOR_DEFINITIONS = (
					"DEBUG=1",
					"$(inherited)",
				);
				GCC_WARN_64_TO_32_BIT_CONVERSION = YES;
				GCC_WARN_ABOUT_RETURN_TYPE = YES_ERROR;
				GCC_WARN_UNDECLARED_SELECTOR = YES;
				GCC_WARN_UNINITIALIZED_AUTOS = YES_AGGRESSIVE;
				GCC_WARN_UNUSED_FUNCTION = YES;
				GCC_WARN_UNUSED_VARIABLE = YES;
				IPHONEOS_DEPLOYMENT_TARGET = 16.4;
				MTL_ENABLE_DEBUG_INFO = INCLUDE_SOURCE;
				MTL_FAST_MATH = YES;
				ONLY_ACTIVE_ARCH = YES;
				SDKROOT = iphoneos;
				SWIFT_ACTIVE_COMPILATION_CONDITIONS = DEBUG;
				SWIFT_OPTIMIZATION_LEVEL = "-Onone";
			};
			name = Debug;
		};
		D9AD12C22A4E7D35003B4760 /* Release */ = {
			isa = XCBuildConfiguration;
			buildSettings = {
				ALWAYS_SEARCH_USER_PATHS = NO;
				CLANG_ANALYZER_NONNULL = YES;
				CLANG_ANALYZER_NUMBER_OBJECT_CONVERSION = YES_AGGRESSIVE;
				CLANG_CXX_LANGUAGE_STANDARD = "gnu++20";
				CLANG_ENABLE_MODULES = YES;
				CLANG_ENABLE_OBJC_ARC = YES;
				CLANG_ENABLE_OBJC_WEAK = YES;
				CLANG_WARN_BLOCK_CAPTURE_AUTORELEASING = YES;
				CLANG_WARN_BOOL_CONVERSION = YES;
				CLANG_WARN_COMMA = YES;
				CLANG_WARN_CONSTANT_CONVERSION = YES;
				CLANG_WARN_DEPRECATED_OBJC_IMPLEMENTATIONS = YES;
				CLANG_WARN_DIRECT_OBJC_ISA_USAGE = YES_ERROR;
				CLANG_WARN_DOCUMENTATION_COMMENTS = YES;
				CLANG_WARN_EMPTY_BODY = YES;
				CLANG_WARN_ENUM_CONVERSION = YES;
				CLANG_WARN_INFINITE_RECURSION = YES;
				CLANG_WARN_INT_CONVERSION = YES;
				CLANG_WARN_NON_LITERAL_NULL_CONVERSION = YES;
				CLANG_WARN_OBJC_IMPLICIT_RETAIN_SELF = YES;
				CLANG_WARN_OBJC_LITERAL_CONVERSION = YES;
				CLANG_WARN_OBJC_ROOT_CLASS = YES_ERROR;
				CLANG_WARN_QUOTED_INCLUDE_IN_FRAMEWORK_HEADER = YES;
				CLANG_WARN_RANGE_LOOP_ANALYSIS = YES;
				CLANG_WARN_STRICT_PROTOTYPES = YES;
				CLANG_WARN_SUSPICIOUS_MOVE = YES;
				CLANG_WARN_UNGUARDED_AVAILABILITY = YES_AGGRESSIVE;
				CLANG_WARN_UNREACHABLE_CODE = YES;
				CLANG_WARN__DUPLICATE_METHOD_MATCH = YES;
				COPY_PHASE_STRIP = NO;
				DEBUG_INFORMATION_FORMAT = "dwarf-with-dsym";
				ENABLE_NS_ASSERTIONS = NO;
				ENABLE_STRICT_OBJC_MSGSEND = YES;
				GCC_C_LANGUAGE_STANDARD = gnu11;
				GCC_NO_COMMON_BLOCKS = YES;
				GCC_WARN_64_TO_32_BIT_CONVERSION = YES;
				GCC_WARN_ABOUT_RETURN_TYPE = YES_ERROR;
				GCC_WARN_UNDECLARED_SELECTOR = YES;
				GCC_WARN_UNINITIALIZED_AUTOS = YES_AGGRESSIVE;
				GCC_WARN_UNUSED_FUNCTION = YES;
				GCC_WARN_UNUSED_VARIABLE = YES;
				IPHONEOS_DEPLOYMENT_TARGET = 16.4;
				MTL_ENABLE_DEBUG_INFO = NO;
				MTL_FAST_MATH = YES;
				SDKROOT = iphoneos;
				SWIFT_COMPILATION_MODE = wholemodule;
				SWIFT_OPTIMIZATION_LEVEL = "-O";
				VALIDATE_PRODUCT = YES;
			};
			name = Release;
		};
		D9AD12C42A4E7D35003B4760 /* Debug */ = {
			isa = XCBuildConfiguration;
			buildSettings = {
				ASSETCATALOG_COMPILER_APPICON_NAME = AppIcon;
				ASSETCATALOG_COMPILER_GLOBAL_ACCENT_COLOR_NAME = AccentColor;
				CODE_SIGN_STYLE = Automatic;
				CURRENT_PROJECT_VERSION = 1;
				GENERATE_INFOPLIST_FILE = YES;
				INFOPLIST_FILE = GimmeADrink/Info.plist;
				INFOPLIST_KEY_UIApplicationSupportsIndirectInputEvents = YES;
				INFOPLIST_KEY_UILaunchStoryboardName = LaunchScreen;
				INFOPLIST_KEY_UIMainStoryboardFile = Main;
				INFOPLIST_KEY_UISupportedInterfaceOrientations_iPad = "UIInterfaceOrientationPortrait UIInterfaceOrientationPortraitUpsideDown UIInterfaceOrientationLandscapeLeft UIInterfaceOrientationLandscapeRight";
				INFOPLIST_KEY_UISupportedInterfaceOrientations_iPhone = "UIInterfaceOrientationPortrait UIInterfaceOrientationLandscapeLeft UIInterfaceOrientationLandscapeRight";
				LD_RUNPATH_SEARCH_PATHS = (
					"$(inherited)",
					"@executable_path/Frameworks",
				);
				MARKETING_VERSION = 1.0;
				PRODUCT_BUNDLE_IDENTIFIER = co.mindrome.GimmeADrink;
				PRODUCT_NAME = "$(TARGET_NAME)";
				SWIFT_EMIT_LOC_STRINGS = YES;
				SWIFT_VERSION = 5.0;
				TARGETED_DEVICE_FAMILY = "1,2";
			};
			name = Debug;
		};
		D9AD12C52A4E7D35003B4760 /* Release */ = {
			isa = XCBuildConfiguration;
			buildSettings = {
				ASSETCATALOG_COMPILER_APPICON_NAME = AppIcon;
				ASSETCATALOG_COMPILER_GLOBAL_ACCENT_COLOR_NAME = AccentColor;
				CODE_SIGN_STYLE = Automatic;
				CURRENT_PROJECT_VERSION = 1;
				GENERATE_INFOPLIST_FILE = YES;
				INFOPLIST_FILE = GimmeADrink/Info.plist;
				INFOPLIST_KEY_UIApplicationSupportsIndirectInputEvents = YES;
				INFOPLIST_KEY_UILaunchStoryboardName = LaunchScreen;
				INFOPLIST_KEY_UIMainStoryboardFile = Main;
				INFOPLIST_KEY_UISupportedInterfaceOrientations_iPad = "UIInterfaceOrientationPortrait UIInterfaceOrientationPortraitUpsideDown UIInterfaceOrientationLandscapeLeft UIInterfaceOrientationLandscapeRight";
				INFOPLIST_KEY_UISupportedInterfaceOrientations_iPhone = "UIInterfaceOrientationPortrait UIInterfaceOrientationLandscapeLeft UIInterfaceOrientationLandscapeRight";
				LD_RUNPATH_SEARCH_PATHS = (
					"$(inherited)",
					"@executable_path/Frameworks",
				);
				MARKETING_VERSION = 1.0;
				PRODUCT_BUNDLE_IDENTIFIER = co.mindrome.GimmeADrink;
				PRODUCT_NAME = "$(TARGET_NAME)";
				SWIFT_EMIT_LOC_STRINGS = YES;
				SWIFT_VERSION = 5.0;
				TARGETED_DEVICE_FAMILY = "1,2";
			};
			name = Release;
		};
		D9AD12C72A4E7D35003B4760 /* Debug */ = {
			isa = XCBuildConfiguration;
			buildSettings = {
				ALWAYS_EMBED_SWIFT_STANDARD_LIBRARIES = YES;
				BUNDLE_LOADER = "$(TEST_HOST)";
				CODE_SIGN_STYLE = Automatic;
				CURRENT_PROJECT_VERSION = 1;
				GENERATE_INFOPLIST_FILE = YES;
				IPHONEOS_DEPLOYMENT_TARGET = 16.4;
				MARKETING_VERSION = 1.0;
				PRODUCT_BUNDLE_IDENTIFIER = co.mindrome.GimmeADrinkTests;
				PRODUCT_NAME = "$(TARGET_NAME)";
				SWIFT_EMIT_LOC_STRINGS = NO;
				SWIFT_VERSION = 5.0;
				TARGETED_DEVICE_FAMILY = "1,2";
				TEST_HOST = "$(BUILT_PRODUCTS_DIR)/GimmeADrink.app/$(BUNDLE_EXECUTABLE_FOLDER_PATH)/GimmeADrink";
			};
			name = Debug;
		};
		D9AD12C82A4E7D35003B4760 /* Release */ = {
			isa = XCBuildConfiguration;
			buildSettings = {
				ALWAYS_EMBED_SWIFT_STANDARD_LIBRARIES = YES;
				BUNDLE_LOADER = "$(TEST_HOST)";
				CODE_SIGN_STYLE = Automatic;
				CURRENT_PROJECT_VERSION = 1;
				GENERATE_INFOPLIST_FILE = YES;
				IPHONEOS_DEPLOYMENT_TARGET = 16.4;
				MARKETING_VERSION = 1.0;
				PRODUCT_BUNDLE_IDENTIFIER = co.mindrome.GimmeADrinkTests;
				PRODUCT_NAME = "$(TARGET_NAME)";
				SWIFT_EMIT_LOC_STRINGS = NO;
				SWIFT_VERSION = 5.0;
				TARGETED_DEVICE_FAMILY = "1,2";
				TEST_HOST = "$(BUILT_PRODUCTS_DIR)/GimmeADrink.app/$(BUNDLE_EXECUTABLE_FOLDER_PATH)/GimmeADrink";
			};
			name = Release;
		};
		D9AD12CA2A4E7D35003B4760 /* Debug */ = {
			isa = XCBuildConfiguration;
			buildSettings = {
				ALWAYS_EMBED_SWIFT_STANDARD_LIBRARIES = YES;
				CODE_SIGN_STYLE = Automatic;
				CURRENT_PROJECT_VERSION = 1;
				GENERATE_INFOPLIST_FILE = YES;
				MARKETING_VERSION = 1.0;
				PRODUCT_BUNDLE_IDENTIFIER = co.mindrome.GimmeADrinkUITests;
				PRODUCT_NAME = "$(TARGET_NAME)";
				SWIFT_EMIT_LOC_STRINGS = NO;
				SWIFT_VERSION = 5.0;
				TARGETED_DEVICE_FAMILY = "1,2";
				TEST_TARGET_NAME = GimmeADrink;
			};
			name = Debug;
		};
		D9AD12CB2A4E7D35003B4760 /* Release */ = {
			isa = XCBuildConfiguration;
			buildSettings = {
				ALWAYS_EMBED_SWIFT_STANDARD_LIBRARIES = YES;
				CODE_SIGN_STYLE = Automatic;
				CURRENT_PROJECT_VERSION = 1;
				GENERATE_INFOPLIST_FILE = YES;
				MARKETING_VERSION = 1.0;
				PRODUCT_BUNDLE_IDENTIFIER = co.mindrome.GimmeADrinkUITests;
				PRODUCT_NAME = "$(TARGET_NAME)";
				SWIFT_EMIT_LOC_STRINGS = NO;
				SWIFT_VERSION = 5.0;
				TARGETED_DEVICE_FAMILY = "1,2";
				TEST_TARGET_NAME = GimmeADrink;
			};
			name = Release;
		};
/* End XCBuildConfiguration section */

/* Begin XCConfigurationList section */
		D9AD12942A4E7D32003B4760 /* Build configuration list for PBXProject "GimmeADrink" */ = {
			isa = XCConfigurationList;
			buildConfigurations = (
				D9AD12C12A4E7D35003B4760 /* Debug */,
				D9AD12C22A4E7D35003B4760 /* Release */,
			);
			defaultConfigurationIsVisible = 0;
			defaultConfigurationName = Release;
		};
		D9AD12C32A4E7D35003B4760 /* Build configuration list for PBXNativeTarget "GimmeADrink" */ = {
			isa = XCConfigurationList;
			buildConfigurations = (
				D9AD12C42A4E7D35003B4760 /* Debug */,
				D9AD12C52A4E7D35003B4760 /* Release */,
			);
			defaultConfigurationIsVisible = 0;
			defaultConfigurationName = Release;
		};
		D9AD12C62A4E7D35003B4760 /* Build configuration list for PBXNativeTarget "GimmeADrinkTests" */ = {
			isa = XCConfigurationList;
			buildConfigurations = (
				D9AD12C72A4E7D35003B4760 /* Debug */,
				D9AD12C82A4E7D35003B4760 /* Release */,
			);
			defaultConfigurationIsVisible = 0;
			defaultConfigurationName = Release;
		};
		D9AD12C92A4E7D35003B4760 /* Build configuration list for PBXNativeTarget "GimmeADrinkUITests" */ = {
			isa = XCConfigurationList;
			buildConfigurations = (
				D9AD12CA2A4E7D35003B4760 /* Debug */,
				D9AD12CB2A4E7D35003B4760 /* Release */,
			);
			defaultConfigurationIsVisible = 0;
			defaultConfigurationName = Release;
		};
/* End XCConfigurationList section */
	};
	rootObject = D9AD12912A4E7D32003B4760 /* Project object */;
}
